
Microsoft Visual Studio Solution File, Format Version 12.00
# Visual Studio Version 16
VisualStudioVersion = 16.0.810.11
MinimumVisualStudioVersion = 10.0.40219.1
Project("{FAE04EC0-301F-11D3-BF4B-00C04F79EFBC}") = "eTickets", "eTickets\eTickets.csproj", "{AF655A77-DF28-4AC1-AC55-53F56AD92482}"
EndProject
Global
	GlobalSection(SolutionConfigurationPlatforms) = preSolution
		Debug|Any CPU = Debug|Any CPU
		Release|Any CPU = Release|Any CPU
	EndGlobalSection
	GlobalSection(ProjectConfigurationPlatforms) = postSolution
		{AF655A77-DF28-4AC1-AC55-53F56AD92482}.Debug|Any CPU.ActiveCfg = Debug|Any CPU
		{AF655A77-DF28-4AC1-AC55-53F56AD92482}.Debug|Any CPU.Build.0 = Debug|Any CPU
		{AF655A77-DF28-4AC1-AC55-53F56AD92482}.Release|Any CPU.ActiveCfg = Release|Any CPU
		{AF655A77-DF28-4AC1-AC55-53F56AD92482}.Release|Any CPU.Build.0 = Release|Any CPU
	EndGlobalSection
	GlobalSection(SolutionProperties) = preSolution
		HideSolutionNode = FALSE
	EndGlobalSection
	GlobalSection(ExtensibilityGlobals) = postSolution
		SolutionGuid = {20B866FF-2711-4BB8-AAF3-90EEF8AF3A78}
	EndGlobalSection
EndGlobal
